// !$*UTF8*$!
{
	archiveVersion = 1;
	classes = {
	};
	objectVersion = 46;
	objects = {

/* Begin PBXBuildFile section */
		5D62BE371BC43A68000E5B8D /* main.m in Sources */ = {isa = PBXBuildFile; fileRef = 5D62BE361BC43A68000E5B8D /* main.m */; };
		5D62BE3A1BC43A68000E5B8D /* AppDelegate.m in Sources */ = {isa = PBXBuildFile; fileRef = 5D62BE391BC43A68000E5B8D /* AppDelegate.m */; };
		5D62BE3D1BC43A68000E5B8D /* ViewController.m in Sources */ = {isa = PBXBuildFile; fileRef = 5D62BE3C1BC43A68000E5B8D /* ViewController.m */; };
		5D62BE401BC43A68000E5B8D /* Main.storyboard in Resources */ = {isa = PBXBuildFile; fileRef = 5D62BE3E1BC43A68000E5B8D /* Main.storyboard */; };
		5D62BE421BC43A68000E5B8D /* Images.xcassets in Resources */ = {isa = PBXBuildFile; fileRef = 5D62BE411BC43A68000E5B8D /* Images.xcassets */; };
		5D62BE451BC43A68000E5B8D /* LaunchScreen.xib in Resources */ = {isa = PBXBuildFile; fileRef = 5D62BE431BC43A68000E5B8D /* LaunchScreen.xib */; };
		5D62BE511BC43A68000E5B8D /* HoldemOrFoldemTests.m in Sources */ = {isa = PBXBuildFile; fileRef = 5D62BE501BC43A68000E5B8D /* HoldemOrFoldemTests.m */; };
		5D62BE5E1BC43A8B000E5B8D /* Card.m in Sources */ = {isa = PBXBuildFile; fileRef = 5D62BE5B1BC43A8B000E5B8D /* Card.m */; };
		5D62BE5F1BC43A8B000E5B8D /* hand.m in Sources */ = {isa = PBXBuildFile; fileRef = 5D62BE5D1BC43A8B000E5B8D /* hand.m */; };
		5D62BE961BC43C23000E5B8D /* felt.jpg in Resources */ = {isa = PBXBuildFile; fileRef = 5D62BE601BC43C23000E5B8D /* felt.jpg */; };
		5D62BE971BC43C23000E5B8D /* QC.png in Resources */ = {isa = PBXBuildFile; fileRef = 5D62BE611BC43C23000E5B8D /* QC.png */; };
		5D62BE981BC43C23000E5B8D /* QD.png in Resources */ = {isa = PBXBuildFile; fileRef = 5D62BE621BC43C23000E5B8D /* QD.png */; };
		5D62BE991BC43C23000E5B8D /* QH.png in Resources */ = {isa = PBXBuildFile; fileRef = 5D62BE631BC43C23000E5B8D /* QH.png */; };
		5D62BE9A1BC43C23000E5B8D /* QS.png in Resources */ = {isa = PBXBuildFile; fileRef = 5D62BE641BC43C23000E5B8D /* QS.png */; };
		5D62BE9B1BC43C23000E5B8D /* TC.png in Resources */ = {isa = PBXBuildFile; fileRef = 5D62BE651BC43C23000E5B8D /* TC.png */; };
		5D62BE9C1BC43C23000E5B8D /* TD.png in Resources */ = {isa = PBXBuildFile; fileRef = 5D62BE661BC43C23000E5B8D /* TD.png */; };
		5D62BE9D1BC43C23000E5B8D /* TH.png in Resources */ = {isa = PBXBuildFile; fileRef = 5D62BE671BC43C23000E5B8D /* TH.png */; };
		5D62BE9E1BC43C23000E5B8D /* TS.png in Resources */ = {isa = PBXBuildFile; fileRef = 5D62BE681BC43C23000E5B8D /* TS.png */; };
		5D62BE9F1BC43C23000E5B8D /* JC.png in Resources */ = {isa = PBXBuildFile; fileRef = 5D62BE691BC43C23000E5B8D /* JC.png */; };
		5D62BEA01BC43C23000E5B8D /* JD.png in Resources */ = {isa = PBXBuildFile; fileRef = 5D62BE6A1BC43C23000E5B8D /* JD.png */; };
		5D62BEA11BC43C23000E5B8D /* JH.png in Resources */ = {isa = PBXBuildFile; fileRef = 5D62BE6B1BC43C23000E5B8D /* JH.png */; };
		5D62BEA21BC43C23000E5B8D /* JS.png in Resources */ = {isa = PBXBuildFile; fileRef = 5D62BE6C1BC43C23000E5B8D /* JS.png */; };
		5D62BEA31BC43C23000E5B8D /* KC.png in Resources */ = {isa = PBXBuildFile; fileRef = 5D62BE6D1BC43C23000E5B8D /* KC.png */; };
		5D62BEA41BC43C23000E5B8D /* KD.png in Resources */ = {isa = PBXBuildFile; fileRef = 5D62BE6E1BC43C23000E5B8D /* KD.png */; };
		5D62BEA51BC43C23000E5B8D /* KH.png in Resources */ = {isa = PBXBuildFile; fileRef = 5D62BE6F1BC43C23000E5B8D /* KH.png */; };
		5D62BEA61BC43C23000E5B8D /* KS.png in Resources */ = {isa = PBXBuildFile; fileRef = 5D62BE701BC43C23000E5B8D /* KS.png */; };
		5D62BEA71BC43C23000E5B8D /* AS.png in Resources */ = {isa = PBXBuildFile; fileRef = 5D62BE711BC43C23000E5B8D /* AS.png */; };
		5D62BEA81BC43C23000E5B8D /* 2C.png in Resources */ = {isa = PBXBuildFile; fileRef = 5D62BE721BC43C23000E5B8D /* 2C.png */; };
		5D62BEA91BC43C23000E5B8D /* 2D.png in Resources */ = {isa = PBXBuildFile; fileRef = 5D62BE731BC43C23000E5B8D /* 2D.png */; };
		5D62BEAA1BC43C23000E5B8D /* 2H.png in Resources */ = {isa = PBXBuildFile; fileRef = 5D62BE741BC43C23000E5B8D /* 2H.png */; };
		5D62BEAB1BC43C23000E5B8D /* 2S.png in Resources */ = {isa = PBXBuildFile; fileRef = 5D62BE751BC43C23000E5B8D /* 2S.png */; };
		5D62BEAC1BC43C23000E5B8D /* 3C.png in Resources */ = {isa = PBXBuildFile; fileRef = 5D62BE761BC43C23000E5B8D /* 3C.png */; };
		5D62BEAD1BC43C23000E5B8D /* 3D.png in Resources */ = {isa = PBXBuildFile; fileRef = 5D62BE771BC43C23000E5B8D /* 3D.png */; };
		5D62BEAE1BC43C23000E5B8D /* 3H.png in Resources */ = {isa = PBXBuildFile; fileRef = 5D62BE781BC43C23000E5B8D /* 3H.png */; };
		5D62BEAF1BC43C23000E5B8D /* 3S.png in Resources */ = {isa = PBXBuildFile; fileRef = 5D62BE791BC43C23000E5B8D /* 3S.png */; };
		5D62BEB01BC43C23000E5B8D /* 4C.png in Resources */ = {isa = PBXBuildFile; fileRef = 5D62BE7A1BC43C23000E5B8D /* 4C.png */; };
		5D62BEB11BC43C23000E5B8D /* 4D.png in Resources */ = {isa = PBXBuildFile; fileRef = 5D62BE7B1BC43C23000E5B8D /* 4D.png */; };
		5D62BEB21BC43C23000E5B8D /* 4H.png in Resources */ = {isa = PBXBuildFile; fileRef = 5D62BE7C1BC43C23000E5B8D /* 4H.png */; };
		5D62BEB31BC43C23000E5B8D /* 4S.png in Resources */ = {isa = PBXBuildFile; fileRef = 5D62BE7D1BC43C23000E5B8D /* 4S.png */; };
		5D62BEB41BC43C23000E5B8D /* 5C.png in Resources */ = {isa = PBXBuildFile; fileRef = 5D62BE7E1BC43C23000E5B8D /* 5C.png */; };
		5D62BEB51BC43C23000E5B8D /* 5D.png in Resources */ = {isa = PBXBuildFile; fileRef = 5D62BE7F1BC43C23000E5B8D /* 5D.png */; };
		5D62BEB61BC43C23000E5B8D /* 5H.png in Resources */ = {isa = PBXBuildFile; fileRef = 5D62BE801BC43C23000E5B8D /* 5H.png */; };
		5D62BEB71BC43C23000E5B8D /* 5S.png in Resources */ = {isa = PBXBuildFile; fileRef = 5D62BE811BC43C23000E5B8D /* 5S.png */; };
		5D62BEB81BC43C23000E5B8D /* 6C.png in Resources */ = {isa = PBXBuildFile; fileRef = 5D62BE821BC43C23000E5B8D /* 6C.png */; };
		5D62BEB91BC43C23000E5B8D /* 6D.png in Resources */ = {isa = PBXBuildFile; fileRef = 5D62BE831BC43C23000E5B8D /* 6D.png */; };
		5D62BEBA1BC43C23000E5B8D /* 6H.png in Resources */ = {isa = PBXBuildFile; fileRef = 5D62BE841BC43C23000E5B8D /* 6H.png */; };
		5D62BEBB1BC43C23000E5B8D /* 6S.png in Resources */ = {isa = PBXBuildFile; fileRef = 5D62BE851BC43C23000E5B8D /* 6S.png */; };
		5D62BEBC1BC43C23000E5B8D /* 7C.png in Resources */ = {isa = PBXBuildFile; fileRef = 5D62BE861BC43C23000E5B8D /* 7C.png */; };
		5D62BEBD1BC43C23000E5B8D /* 7D.png in Resources */ = {isa = PBXBuildFile; fileRef = 5D62BE871BC43C23000E5B8D /* 7D.png */; };
		5D62BEBE1BC43C23000E5B8D /* 7H.png in Resources */ = {isa = PBXBuildFile; fileRef = 5D62BE881BC43C23000E5B8D /* 7H.png */; };
		5D62BEBF1BC43C23000E5B8D /* 7S.png in Resources */ = {isa = PBXBuildFile; fileRef = 5D62BE891BC43C23000E5B8D /* 7S.png */; };
		5D62BEC01BC43C23000E5B8D /* 8C.png in Resources */ = {isa = PBXBuildFile; fileRef = 5D62BE8A1BC43C23000E5B8D /* 8C.png */; };
		5D62BEC11BC43C23000E5B8D /* 8D.png in Resources */ = {isa = PBXBuildFile; fileRef = 5D62BE8B1BC43C23000E5B8D /* 8D.png */; };
		5D62BEC21BC43C23000E5B8D /* 8H.png in Resources */ = {isa = PBXBuildFile; fileRef = 5D62BE8C1BC43C23000E5B8D /* 8H.png */; };
		5D62BEC31BC43C23000E5B8D /* 8S.png in Resources */ = {isa = PBXBuildFile; fileRef = 5D62BE8D1BC43C23000E5B8D /* 8S.png */; };
		5D62BEC41BC43C23000E5B8D /* 9C.png in Resources */ = {isa = PBXBuildFile; fileRef = 5D62BE8E1BC43C23000E5B8D /* 9C.png */; };
		5D62BEC51BC43C23000E5B8D /* 9D.png in Resources */ = {isa = PBXBuildFile; fileRef = 5D62BE8F1BC43C23000E5B8D /* 9D.png */; };
		5D62BEC61BC43C23000E5B8D /* 9H.png in Resources */ = {isa = PBXBuildFile; fileRef = 5D62BE901BC43C23000E5B8D /* 9H.png */; };
		5D62BEC71BC43C23000E5B8D /* 9S.png in Resources */ = {isa = PBXBuildFile; fileRef = 5D62BE911BC43C23000E5B8D /* 9S.png */; };
		5D62BEC81BC43C23000E5B8D /* AC.png in Resources */ = {isa = PBXBuildFile; fileRef = 5D62BE921BC43C23000E5B8D /* AC.png */; };
		5D62BEC91BC43C23000E5B8D /* AD.png in Resources */ = {isa = PBXBuildFile; fileRef = 5D62BE931BC43C23000E5B8D /* AD.png */; };
		5D62BECA1BC43C23000E5B8D /* AH.png in Resources */ = {isa = PBXBuildFile; fileRef = 5D62BE941BC43C23000E5B8D /* AH.png */; };
		5D62BECB1BC43C23000E5B8D /* cardback.png in Resources */ = {isa = PBXBuildFile; fileRef = 5D62BE951BC43C23000E5B8D /* cardback.png */; };
		5D62BECE1BC47B57000E5B8D /* Game.m in Sources */ = {isa = PBXBuildFile; fileRef = 5D62BECD1BC47B57000E5B8D /* Game.m */; };
		5DA4FF261BF2C64100F3B743 /* OddsTableViewController.m in Sources */ = {isa = PBXBuildFile; fileRef = 5DA4FF251BF2C64100F3B743 /* OddsTableViewController.m */; };
		5DF01DFD1C5AB35B00C08D80 /* oddsFlopStraight.m in Sources */ = {isa = PBXBuildFile; fileRef = 5DF01DFC1C5AB35B00C08D80 /* oddsFlopStraight.m */; };
		5DF01E001C5AB38600C08D80 /* PotentialStraight.m in Sources */ = {isa = PBXBuildFile; fileRef = 5DF01DFF1C5AB38600C08D80 /* PotentialStraight.m */; };
/* End PBXBuildFile section */

/* Begin PBXContainerItemProxy section */
		5D62BE4B1BC43A68000E5B8D /* PBXContainerItemProxy */ = {
			isa = PBXContainerItemProxy;
			containerPortal = 5D62BE291BC43A68000E5B8D /* Project object */;
			proxyType = 1;
			remoteGlobalIDString = 5D62BE301BC43A68000E5B8D;
			remoteInfo = HoldemOrFoldem;
		};
/* End PBXContainerItemProxy section */

/* Begin PBXFileReference section */
		5D62BE311BC43A68000E5B8D /* HoldemOrFoldem.app */ = {isa = PBXFileReference; explicitFileType = wrapper.application; includeInIndex = 0; path = HoldemOrFoldem.app; sourceTree = BUILT_PRODUCTS_DIR; };
		5D62BE351BC43A68000E5B8D /* Info.plist */ = {isa = PBXFileReference; lastKnownFileType = text.plist.xml; path = Info.plist; sourceTree = "<group>"; };
		5D62BE361BC43A68000E5B8D /* main.m */ = {isa = PBXFileReference; lastKnownFileType = sourcecode.c.objc; path = main.m; sourceTree = "<group>"; };
		5D62BE381BC43A68000E5B8D /* AppDelegate.h */ = {isa = PBXFileReference; lastKnownFileType = sourcecode.c.h; path = AppDelegate.h; sourceTree = "<group>"; };
		5D62BE391BC43A68000E5B8D /* AppDelegate.m */ = {isa = PBXFileReference; lastKnownFileType = sourcecode.c.objc; path = AppDelegate.m; sourceTree = "<group>"; };
		5D62BE3B1BC43A68000E5B8D /* ViewController.h */ = {isa = PBXFileReference; lastKnownFileType = sourcecode.c.h; path = ViewController.h; sourceTree = "<group>"; };
		5D62BE3C1BC43A68000E5B8D /* ViewController.m */ = {isa = PBXFileReference; lastKnownFileType = sourcecode.c.objc; path = ViewController.m; sourceTree = "<group>"; };
		5D62BE3F1BC43A68000E5B8D /* Base */ = {isa = PBXFileReference; lastKnownFileType = file.storyboard; name = Base; path = Base.lproj/Main.storyboard; sourceTree = "<group>"; };
		5D62BE411BC43A68000E5B8D /* Images.xcassets */ = {isa = PBXFileReference; lastKnownFileType = folder.assetcatalog; path = Images.xcassets; sourceTree = "<group>"; };
		5D62BE441BC43A68000E5B8D /* Base */ = {isa = PBXFileReference; lastKnownFileType = file.xib; name = Base; path = Base.lproj/LaunchScreen.xib; sourceTree = "<group>"; };
		5D62BE4A1BC43A68000E5B8D /* HoldemOrFoldemTests.xctest */ = {isa = PBXFileReference; explicitFileType = wrapper.cfbundle; includeInIndex = 0; path = HoldemOrFoldemTests.xctest; sourceTree = BUILT_PRODUCTS_DIR; };
		5D62BE4F1BC43A68000E5B8D /* Info.plist */ = {isa = PBXFileReference; lastKnownFileType = text.plist.xml; path = Info.plist; sourceTree = "<group>"; };
		5D62BE501BC43A68000E5B8D /* HoldemOrFoldemTests.m */ = {isa = PBXFileReference; lastKnownFileType = sourcecode.c.objc; path = HoldemOrFoldemTests.m; sourceTree = "<group>"; };
		5D62BE5A1BC43A8B000E5B8D /* Card.h */ = {isa = PBXFileReference; fileEncoding = 4; lastKnownFileType = sourcecode.c.h; path = Card.h; sourceTree = "<group>"; };
		5D62BE5B1BC43A8B000E5B8D /* Card.m */ = {isa = PBXFileReference; fileEncoding = 4; lastKnownFileType = sourcecode.c.objc; path = Card.m; sourceTree = "<group>"; };
		5D62BE5C1BC43A8B000E5B8D /* hand.h */ = {isa = PBXFileReference; fileEncoding = 4; lastKnownFileType = sourcecode.c.h; path = hand.h; sourceTree = "<group>"; };
		5D62BE5D1BC43A8B000E5B8D /* hand.m */ = {isa = PBXFileReference; fileEncoding = 4; lastKnownFileType = sourcecode.c.objc; path = hand.m; sourceTree = "<group>"; };
		5D62BE601BC43C23000E5B8D /* felt.jpg */ = {isa = PBXFileReference; lastKnownFileType = image.jpeg; path = felt.jpg; sourceTree = "<group>"; };
		5D62BE611BC43C23000E5B8D /* QC.png */ = {isa = PBXFileReference; lastKnownFileType = image.png; path = QC.png; sourceTree = "<group>"; };
		5D62BE621BC43C23000E5B8D /* QD.png */ = {isa = PBXFileReference; lastKnownFileType = image.png; path = QD.png; sourceTree = "<group>"; };
		5D62BE631BC43C23000E5B8D /* QH.png */ = {isa = PBXFileReference; lastKnownFileType = image.png; path = QH.png; sourceTree = "<group>"; };
		5D62BE641BC43C23000E5B8D /* QS.png */ = {isa = PBXFileReference; lastKnownFileType = image.png; path = QS.png; sourceTree = "<group>"; };
		5D62BE651BC43C23000E5B8D /* TC.png */ = {isa = PBXFileReference; lastKnownFileType = image.png; path = TC.png; sourceTree = "<group>"; };
		5D62BE661BC43C23000E5B8D /* TD.png */ = {isa = PBXFileReference; lastKnownFileType = image.png; path = TD.png; sourceTree = "<group>"; };
		5D62BE671BC43C23000E5B8D /* TH.png */ = {isa = PBXFileReference; lastKnownFileType = image.png; path = TH.png; sourceTree = "<group>"; };
		5D62BE681BC43C23000E5B8D /* TS.png */ = {isa = PBXFileReference; lastKnownFileType = image.png; path = TS.png; sourceTree = "<group>"; };
		5D62BE691BC43C23000E5B8D /* JC.png */ = {isa = PBXFileReference; lastKnownFileType = image.png; path = JC.png; sourceTree = "<group>"; };
		5D62BE6A1BC43C23000E5B8D /* JD.png */ = {isa = PBXFileReference; lastKnownFileType = image.png; path = JD.png; sourceTree = "<group>"; };
		5D62BE6B1BC43C23000E5B8D /* JH.png */ = {isa = PBXFileReference; lastKnownFileType = image.png; path = JH.png; sourceTree = "<group>"; };
		5D62BE6C1BC43C23000E5B8D /* JS.png */ = {isa = PBXFileReference; lastKnownFileType = image.png; path = JS.png; sourceTree = "<group>"; };
		5D62BE6D1BC43C23000E5B8D /* KC.png */ = {isa = PBXFileReference; lastKnownFileType = image.png; path = KC.png; sourceTree = "<group>"; };
		5D62BE6E1BC43C23000E5B8D /* KD.png */ = {isa = PBXFileReference; lastKnownFileType = image.png; path = KD.png; sourceTree = "<group>"; };
		5D62BE6F1BC43C23000E5B8D /* KH.png */ = {isa = PBXFileReference; lastKnownFileType = image.png; path = KH.png; sourceTree = "<group>"; };
		5D62BE701BC43C23000E5B8D /* KS.png */ = {isa = PBXFileReference; lastKnownFileType = image.png; path = KS.png; sourceTree = "<group>"; };
		5D62BE711BC43C23000E5B8D /* AS.png */ = {isa = PBXFileReference; lastKnownFileType = image.png; path = AS.png; sourceTree = "<group>"; };
		5D62BE721BC43C23000E5B8D /* 2C.png */ = {isa = PBXFileReference; lastKnownFileType = image.png; path = 2C.png; sourceTree = "<group>"; };
		5D62BE731BC43C23000E5B8D /* 2D.png */ = {isa = PBXFileReference; lastKnownFileType = image.png; path = 2D.png; sourceTree = "<group>"; };
		5D62BE741BC43C23000E5B8D /* 2H.png */ = {isa = PBXFileReference; lastKnownFileType = image.png; path = 2H.png; sourceTree = "<group>"; };
		5D62BE751BC43C23000E5B8D /* 2S.png */ = {isa = PBXFileReference; lastKnownFileType = image.png; path = 2S.png; sourceTree = "<group>"; };
		5D62BE761BC43C23000E5B8D /* 3C.png */ = {isa = PBXFileReference; lastKnownFileType = image.png; path = 3C.png; sourceTree = "<group>"; };
		5D62BE771BC43C23000E5B8D /* 3D.png */ = {isa = PBXFileReference; lastKnownFileType = image.png; path = 3D.png; sourceTree = "<group>"; };
		5D62BE781BC43C23000E5B8D /* 3H.png */ = {isa = PBXFileReference; lastKnownFileType = image.png; path = 3H.png; sourceTree = "<group>"; };
		5D62BE791BC43C23000E5B8D /* 3S.png */ = {isa = PBXFileReference; lastKnownFileType = image.png; path = 3S.png; sourceTree = "<group>"; };
		5D62BE7A1BC43C23000E5B8D /* 4C.png */ = {isa = PBXFileReference; lastKnownFileType = image.png; path = 4C.png; sourceTree = "<group>"; };
		5D62BE7B1BC43C23000E5B8D /* 4D.png */ = {isa = PBXFileReference; lastKnownFileType = image.png; path = 4D.png; sourceTree = "<group>"; };
		5D62BE7C1BC43C23000E5B8D /* 4H.png */ = {isa = PBXFileReference; lastKnownFileType = image.png; path = 4H.png; sourceTree = "<group>"; };
		5D62BE7D1BC43C23000E5B8D /* 4S.png */ = {isa = PBXFileReference; lastKnownFileType = image.png; path = 4S.png; sourceTree = "<group>"; };
		5D62BE7E1BC43C23000E5B8D /* 5C.png */ = {isa = PBXFileReference; lastKnownFileType = image.png; path = 5C.png; sourceTree = "<group>"; };
		5D62BE7F1BC43C23000E5B8D /* 5D.png */ = {isa = PBXFileReference; lastKnownFileType = image.png; path = 5D.png; sourceTree = "<group>"; };
		5D62BE801BC43C23000E5B8D /* 5H.png */ = {isa = PBXFileReference; lastKnownFileType = image.png; path = 5H.png; sourceTree = "<group>"; };
		5D62BE811BC43C23000E5B8D /* 5S.png */ = {isa = PBXFileReference; lastKnownFileType = image.png; path = 5S.png; sourceTree = "<group>"; };
		5D62BE821BC43C23000E5B8D /* 6C.png */ = {isa = PBXFileReference; lastKnownFileType = image.png; path = 6C.png; sourceTree = "<group>"; };
		5D62BE831BC43C23000E5B8D /* 6D.png */ = {isa = PBXFileReference; lastKnownFileType = image.png; path = 6D.png; sourceTree = "<group>"; };
		5D62BE841BC43C23000E5B8D /* 6H.png */ = {isa = PBXFileReference; lastKnownFileType = image.png; path = 6H.png; sourceTree = "<group>"; };
		5D62BE851BC43C23000E5B8D /* 6S.png */ = {isa = PBXFileReference; lastKnownFileType = image.png; path = 6S.png; sourceTree = "<group>"; };
		5D62BE861BC43C23000E5B8D /* 7C.png */ = {isa = PBXFileReference; lastKnownFileType = image.png; path = 7C.png; sourceTree = "<group>"; };
		5D62BE871BC43C23000E5B8D /* 7D.png */ = {isa = PBXFileReference; lastKnownFileType = image.png; path = 7D.png; sourceTree = "<group>"; };
		5D62BE881BC43C23000E5B8D /* 7H.png */ = {isa = PBXFileReference; lastKnownFileType = image.png; path = 7H.png; sourceTree = "<group>"; };
		5D62BE891BC43C23000E5B8D /* 7S.png */ = {isa = PBXFileReference; lastKnownFileType = image.png; path = 7S.png; sourceTree = "<group>"; };
		5D62BE8A1BC43C23000E5B8D /* 8C.png */ = {isa = PBXFileReference; lastKnownFileType = image.png; path = 8C.png; sourceTree = "<group>"; };
		5D62BE8B1BC43C23000E5B8D /* 8D.png */ = {isa = PBXFileReference; lastKnownFileType = image.png; path = 8D.png; sourceTree = "<group>"; };
		5D62BE8C1BC43C23000E5B8D /* 8H.png */ = {isa = PBXFileReference; lastKnownFileType = image.png; path = 8H.png; sourceTree = "<group>"; };
		5D62BE8D1BC43C23000E5B8D /* 8S.png */ = {isa = PBXFileReference; lastKnownFileType = image.png; path = 8S.png; sourceTree = "<group>"; };
		5D62BE8E1BC43C23000E5B8D /* 9C.png */ = {isa = PBXFileReference; lastKnownFileType = image.png; path = 9C.png; sourceTree = "<group>"; };
		5D62BE8F1BC43C23000E5B8D /* 9D.png */ = {isa = PBXFileReference; lastKnownFileType = image.png; path = 9D.png; sourceTree = "<group>"; };
		5D62BE901BC43C23000E5B8D /* 9H.png */ = {isa = PBXFileReference; lastKnownFileType = image.png; path = 9H.png; sourceTree = "<group>"; };
		5D62BE911BC43C23000E5B8D /* 9S.png */ = {isa = PBXFileReference; lastKnownFileType = image.png; path = 9S.png; sourceTree = "<group>"; };
		5D62BE921BC43C23000E5B8D /* AC.png */ = {isa = PBXFileReference; lastKnownFileType = image.png; path = AC.png; sourceTree = "<group>"; };
		5D62BE931BC43C23000E5B8D /* AD.png */ = {isa = PBXFileReference; lastKnownFileType = image.png; path = AD.png; sourceTree = "<group>"; };
		5D62BE941BC43C23000E5B8D /* AH.png */ = {isa = PBXFileReference; lastKnownFileType = image.png; path = AH.png; sourceTree = "<group>"; };
		5D62BE951BC43C23000E5B8D /* cardback.png */ = {isa = PBXFileReference; lastKnownFileType = image.png; path = cardback.png; sourceTree = "<group>"; };
		5D62BECC1BC47B57000E5B8D /* Game.h */ = {isa = PBXFileReference; fileEncoding = 4; lastKnownFileType = sourcecode.c.h; path = Game.h; sourceTree = "<group>"; };
		5D62BECD1BC47B57000E5B8D /* Game.m */ = {isa = PBXFileReference; fileEncoding = 4; lastKnownFileType = sourcecode.c.objc; path = Game.m; sourceTree = "<group>"; };
		5DA4FF241BF2C64100F3B743 /* OddsTableViewController.h */ = {isa = PBXFileReference; fileEncoding = 4; lastKnownFileType = sourcecode.c.h; path = OddsTableViewController.h; sourceTree = "<group>"; };
		5DA4FF251BF2C64100F3B743 /* OddsTableViewController.m */ = {isa = PBXFileReference; fileEncoding = 4; lastKnownFileType = sourcecode.c.objc; path = OddsTableViewController.m; sourceTree = "<group>"; };
		5DF01DFB1C5AB35B00C08D80 /* oddsFlopStraight.h */ = {isa = PBXFileReference; fileEncoding = 4; lastKnownFileType = sourcecode.c.h; path = oddsFlopStraight.h; sourceTree = "<group>"; };
		5DF01DFC1C5AB35B00C08D80 /* oddsFlopStraight.m */ = {isa = PBXFileReference; fileEncoding = 4; lastKnownFileType = sourcecode.c.objc; path = oddsFlopStraight.m; sourceTree = "<group>"; };
		5DF01DFE1C5AB38600C08D80 /* PotentialStraight.h */ = {isa = PBXFileReference; fileEncoding = 4; lastKnownFileType = sourcecode.c.h; path = PotentialStraight.h; sourceTree = "<group>"; };
		5DF01DFF1C5AB38600C08D80 /* PotentialStraight.m */ = {isa = PBXFileReference; fileEncoding = 4; lastKnownFileType = sourcecode.c.objc; path = PotentialStraight.m; sourceTree = "<group>"; };
/* End PBXFileReference section */

/* Begin PBXFrameworksBuildPhase section */
		5D62BE2E1BC43A68000E5B8D /* Frameworks */ = {
			isa = PBXFrameworksBuildPhase;
			buildActionMask = 2147483647;
			files = (
			);
			runOnlyForDeploymentPostprocessing = 0;
		};
		5D62BE471BC43A68000E5B8D /* Frameworks */ = {
			isa = PBXFrameworksBuildPhase;
			buildActionMask = 2147483647;
			files = (
			);
			runOnlyForDeploymentPostprocessing = 0;
		};
/* End PBXFrameworksBuildPhase section */

/* Begin PBXGroup section */
		5D62BE281BC43A68000E5B8D = {
			isa = PBXGroup;
			children = (
				5D62BE331BC43A68000E5B8D /* HoldemOrFoldem */,
				5D62BE4D1BC43A68000E5B8D /* HoldemOrFoldemTests */,
				5D62BE321BC43A68000E5B8D /* Products */,
			);
			sourceTree = "<group>";
		};
		5D62BE321BC43A68000E5B8D /* Products */ = {
			isa = PBXGroup;
			children = (
				5D62BE311BC43A68000E5B8D /* HoldemOrFoldem.app */,
				5D62BE4A1BC43A68000E5B8D /* HoldemOrFoldemTests.xctest */,
			);
			name = Products;
			sourceTree = "<group>";
		};
		5D62BE331BC43A68000E5B8D /* HoldemOrFoldem */ = {
			isa = PBXGroup;
			children = (
				5D62BE381BC43A68000E5B8D /* AppDelegate.h */,
				5D62BE391BC43A68000E5B8D /* AppDelegate.m */,
				5D62BE3B1BC43A68000E5B8D /* ViewController.h */,
				5D62BE3C1BC43A68000E5B8D /* ViewController.m */,
				5DA4FF241BF2C64100F3B743 /* OddsTableViewController.h */,
				5DA4FF251BF2C64100F3B743 /* OddsTableViewController.m */,
				5D62BECC1BC47B57000E5B8D /* Game.h */,
				5D62BECD1BC47B57000E5B8D /* Game.m */,
				5D62BE5A1BC43A8B000E5B8D /* Card.h */,
				5D62BE5B1BC43A8B000E5B8D /* Card.m */,
				5D62BE5C1BC43A8B000E5B8D /* hand.h */,
				5D62BE5D1BC43A8B000E5B8D /* hand.m */,
				5DF01DFB1C5AB35B00C08D80 /* oddsFlopStraight.h */,
				5DF01DFC1C5AB35B00C08D80 /* oddsFlopStraight.m */,
				5DF01DFE1C5AB38600C08D80 /* PotentialStraight.h */,
				5DF01DFF1C5AB38600C08D80 /* PotentialStraight.m */,
				5D62BE3E1BC43A68000E5B8D /* Main.storyboard */,
				5D62BE411BC43A68000E5B8D /* Images.xcassets */,
				5D62BE431BC43A68000E5B8D /* LaunchScreen.xib */,
				5D62BE341BC43A68000E5B8D /* Supporting Files */,
			);
			path = HoldemOrFoldem;
			sourceTree = "<group>";
		};
		5D62BE341BC43A68000E5B8D /* Supporting Files */ = {
			isa = PBXGroup;
			children = (
				5D62BE351BC43A68000E5B8D /* Info.plist */,
				5D62BE601BC43C23000E5B8D /* felt.jpg */,
				5D62BE611BC43C23000E5B8D /* QC.png */,
				5D62BE621BC43C23000E5B8D /* QD.png */,
				5D62BE631BC43C23000E5B8D /* QH.png */,
				5D62BE641BC43C23000E5B8D /* QS.png */,
				5D62BE651BC43C23000E5B8D /* TC.png */,
				5D62BE661BC43C23000E5B8D /* TD.png */,
				5D62BE671BC43C23000E5B8D /* TH.png */,
				5D62BE681BC43C23000E5B8D /* TS.png */,
				5D62BE691BC43C23000E5B8D /* JC.png */,
				5D62BE6A1BC43C23000E5B8D /* JD.png */,
				5D62BE6B1BC43C23000E5B8D /* JH.png */,
				5D62BE6C1BC43C23000E5B8D /* JS.png */,
				5D62BE6D1BC43C23000E5B8D /* KC.png */,
				5D62BE6E1BC43C23000E5B8D /* KD.png */,
				5D62BE6F1BC43C23000E5B8D /* KH.png */,
				5D62BE701BC43C23000E5B8D /* KS.png */,
				5D62BE711BC43C23000E5B8D /* AS.png */,
				5D62BE721BC43C23000E5B8D /* 2C.png */,
				5D62BE731BC43C23000E5B8D /* 2D.png */,
				5D62BE741BC43C23000E5B8D /* 2H.png */,
				5D62BE751BC43C23000E5B8D /* 2S.png */,
				5D62BE761BC43C23000E5B8D /* 3C.png */,
				5D62BE771BC43C23000E5B8D /* 3D.png */,
				5D62BE781BC43C23000E5B8D /* 3H.png */,
				5D62BE791BC43C23000E5B8D /* 3S.png */,
				5D62BE7A1BC43C23000E5B8D /* 4C.png */,
				5D62BE7B1BC43C23000E5B8D /* 4D.png */,
				5D62BE7C1BC43C23000E5B8D /* 4H.png */,
				5D62BE7D1BC43C23000E5B8D /* 4S.png */,
				5D62BE7E1BC43C23000E5B8D /* 5C.png */,
				5D62BE7F1BC43C23000E5B8D /* 5D.png */,
				5D62BE801BC43C23000E5B8D /* 5H.png */,
				5D62BE811BC43C23000E5B8D /* 5S.png */,
				5D62BE821BC43C23000E5B8D /* 6C.png */,
				5D62BE831BC43C23000E5B8D /* 6D.png */,
				5D62BE841BC43C23000E5B8D /* 6H.png */,
				5D62BE851BC43C23000E5B8D /* 6S.png */,
				5D62BE861BC43C23000E5B8D /* 7C.png */,
				5D62BE871BC43C23000E5B8D /* 7D.png */,
				5D62BE881BC43C23000E5B8D /* 7H.png */,
				5D62BE891BC43C23000E5B8D /* 7S.png */,
				5D62BE8A1BC43C23000E5B8D /* 8C.png */,
				5D62BE8B1BC43C23000E5B8D /* 8D.png */,
				5D62BE8C1BC43C23000E5B8D /* 8H.png */,
				5D62BE8D1BC43C23000E5B8D /* 8S.png */,
				5D62BE8E1BC43C23000E5B8D /* 9C.png */,
				5D62BE8F1BC43C23000E5B8D /* 9D.png */,
				5D62BE901BC43C23000E5B8D /* 9H.png */,
				5D62BE911BC43C23000E5B8D /* 9S.png */,
				5D62BE921BC43C23000E5B8D /* AC.png */,
				5D62BE931BC43C23000E5B8D /* AD.png */,
				5D62BE941BC43C23000E5B8D /* AH.png */,
				5D62BE951BC43C23000E5B8D /* cardback.png */,
				5D62BE361BC43A68000E5B8D /* main.m */,
			);
			name = "Supporting Files";
			sourceTree = "<group>";
		};
		5D62BE4D1BC43A68000E5B8D /* HoldemOrFoldemTests */ = {
			isa = PBXGroup;
			children = (
				5D62BE501BC43A68000E5B8D /* HoldemOrFoldemTests.m */,
				5D62BE4E1BC43A68000E5B8D /* Supporting Files */,
			);
			path = HoldemOrFoldemTests;
			sourceTree = "<group>";
		};
		5D62BE4E1BC43A68000E5B8D /* Supporting Files */ = {
			isa = PBXGroup;
			children = (
				5D62BE4F1BC43A68000E5B8D /* Info.plist */,
			);
			name = "Supporting Files";
			sourceTree = "<group>";
		};
/* End PBXGroup section */

/* Begin PBXNativeTarget section */
		5D62BE301BC43A68000E5B8D /* HoldemOrFoldem */ = {
			isa = PBXNativeTarget;
			buildConfigurationList = 5D62BE541BC43A68000E5B8D /* Build configuration list for PBXNativeTarget "HoldemOrFoldem" */;
			buildPhases = (
				5D62BE2D1BC43A68000E5B8D /* Sources */,
				5D62BE2E1BC43A68000E5B8D /* Frameworks */,
				5D62BE2F1BC43A68000E5B8D /* Resources */,
			);
			buildRules = (
			);
			dependencies = (
			);
			name = HoldemOrFoldem;
			productName = HoldemOrFoldem;
			productReference = 5D62BE311BC43A68000E5B8D /* HoldemOrFoldem.app */;
			productType = "com.apple.product-type.application";
		};
		5D62BE491BC43A68000E5B8D /* HoldemOrFoldemTests */ = {
			isa = PBXNativeTarget;
			buildConfigurationList = 5D62BE571BC43A68000E5B8D /* Build configuration list for PBXNativeTarget "HoldemOrFoldemTests" */;
			buildPhases = (
				5D62BE461BC43A68000E5B8D /* Sources */,
				5D62BE471BC43A68000E5B8D /* Frameworks */,
				5D62BE481BC43A68000E5B8D /* Resources */,
			);
			buildRules = (
			);
			dependencies = (
				5D62BE4C1BC43A68000E5B8D /* PBXTargetDependency */,
			);
			name = HoldemOrFoldemTests;
			productName = HoldemOrFoldemTests;
			productReference = 5D62BE4A1BC43A68000E5B8D /* HoldemOrFoldemTests.xctest */;
			productType = "com.apple.product-type.bundle.unit-test";
		};
/* End PBXNativeTarget section */

/* Begin PBXProject section */
		5D62BE291BC43A68000E5B8D /* Project object */ = {
			isa = PBXProject;
			attributes = {
				LastUpgradeCheck = 0640;
				ORGANIZATIONNAME = "Seth Roelke";
				TargetAttributes = {
					5D62BE301BC43A68000E5B8D = {
						CreatedOnToolsVersion = 6.4;
					};
					5D62BE491BC43A68000E5B8D = {
						CreatedOnToolsVersion = 6.4;
						TestTargetID = 5D62BE301BC43A68000E5B8D;
					};
				};
			};
			buildConfigurationList = 5D62BE2C1BC43A68000E5B8D /* Build configuration list for PBXProject "HoldemOrFoldem" */;
			compatibilityVersion = "Xcode 3.2";
			developmentRegion = English;
			hasScannedForEncodings = 0;
			knownRegions = (
				en,
				Base,
			);
			mainGroup = 5D62BE281BC43A68000E5B8D;
			productRefGroup = 5D62BE321BC43A68000E5B8D /* Products */;
			projectDirPath = "";
			projectRoot = "";
			targets = (
				5D62BE301BC43A68000E5B8D /* HoldemOrFoldem */,
				5D62BE491BC43A68000E5B8D /* HoldemOrFoldemTests */,
			);
		};
/* End PBXProject section */

/* Begin PBXResourcesBuildPhase section */
		5D62BE2F1BC43A68000E5B8D /* Resources */ = {
			isa = PBXResourcesBuildPhase;
			buildActionMask = 2147483647;
			files = (
				5D62BEC11BC43C23000E5B8D /* 8D.png in Resources */,
				5D62BEB51BC43C23000E5B8D /* 5D.png in Resources */,
				5D62BEBC1BC43C23000E5B8D /* 7C.png in Resources */,
				5D62BEAF1BC43C23000E5B8D /* 3S.png in Resources */,
				5D62BEBB1BC43C23000E5B8D /* 6S.png in Resources */,
				5D62BEC81BC43C23000E5B8D /* AC.png in Resources */,
				5D62BEA81BC43C23000E5B8D /* 2C.png in Resources */,
				5D62BEA11BC43C23000E5B8D /* JH.png in Resources */,
				5D62BEB81BC43C23000E5B8D /* 6C.png in Resources */,
				5D62BE9F1BC43C23000E5B8D /* JC.png in Resources */,
				5D62BEC21BC43C23000E5B8D /* 8H.png in Resources */,
				5D62BEC01BC43C23000E5B8D /* 8C.png in Resources */,
				5D62BEAA1BC43C23000E5B8D /* 2H.png in Resources */,
				5D62BEC71BC43C23000E5B8D /* 9S.png in Resources */,
				5D62BEB61BC43C23000E5B8D /* 5H.png in Resources */,
				5D62BEC91BC43C23000E5B8D /* AD.png in Resources */,
				5D62BEAE1BC43C23000E5B8D /* 3H.png in Resources */,
				5D62BE9B1BC43C23000E5B8D /* TC.png in Resources */,
				5D62BECA1BC43C23000E5B8D /* AH.png in Resources */,
				5D62BEC31BC43C23000E5B8D /* 8S.png in Resources */,
				5D62BEAB1BC43C23000E5B8D /* 2S.png in Resources */,
				5D62BE971BC43C23000E5B8D /* QC.png in Resources */,
				5D62BE401BC43A68000E5B8D /* Main.storyboard in Resources */,
				5D62BEB01BC43C23000E5B8D /* 4C.png in Resources */,
				5D62BE991BC43C23000E5B8D /* QH.png in Resources */,
				5D62BEBA1BC43C23000E5B8D /* 6H.png in Resources */,
				5D62BEA21BC43C23000E5B8D /* JS.png in Resources */,
				5D62BEA91BC43C23000E5B8D /* 2D.png in Resources */,
				5D62BEAD1BC43C23000E5B8D /* 3D.png in Resources */,
				5D62BEC41BC43C23000E5B8D /* 9C.png in Resources */,
				5D62BEC61BC43C23000E5B8D /* 9H.png in Resources */,
				5D62BEA51BC43C23000E5B8D /* KH.png in Resources */,
				5D62BE981BC43C23000E5B8D /* QD.png in Resources */,
				5D62BEB41BC43C23000E5B8D /* 5C.png in Resources */,
				5D62BEBE1BC43C23000E5B8D /* 7H.png in Resources */,
				5D62BEAC1BC43C23000E5B8D /* 3C.png in Resources */,
				5D62BEA41BC43C23000E5B8D /* KD.png in Resources */,
				5D62BE9C1BC43C23000E5B8D /* TD.png in Resources */,
				5D62BECB1BC43C23000E5B8D /* cardback.png in Resources */,
				5D62BEA01BC43C23000E5B8D /* JD.png in Resources */,
				5D62BEB21BC43C23000E5B8D /* 4H.png in Resources */,
				5D62BEBF1BC43C23000E5B8D /* 7S.png in Resources */,
				5D62BEB91BC43C23000E5B8D /* 6D.png in Resources */,
				5D62BE9D1BC43C23000E5B8D /* TH.png in Resources */,
				5D62BEA71BC43C23000E5B8D /* AS.png in Resources */,
				5D62BE451BC43A68000E5B8D /* LaunchScreen.xib in Resources */,
				5D62BE9E1BC43C23000E5B8D /* TS.png in Resources */,
				5D62BEBD1BC43C23000E5B8D /* 7D.png in Resources */,
				5D62BEA61BC43C23000E5B8D /* KS.png in Resources */,
				5D62BEB31BC43C23000E5B8D /* 4S.png in Resources */,
				5D62BEC51BC43C23000E5B8D /* 9D.png in Resources */,
				5D62BEA31BC43C23000E5B8D /* KC.png in Resources */,
				5D62BEB11BC43C23000E5B8D /* 4D.png in Resources */,
				5D62BE9A1BC43C23000E5B8D /* QS.png in Resources */,
				5D62BE961BC43C23000E5B8D /* felt.jpg in Resources */,
				5D62BE421BC43A68000E5B8D /* Images.xcassets in Resources */,
				5D62BEB71BC43C23000E5B8D /* 5S.png in Resources */,
			);
			runOnlyForDeploymentPostprocessing = 0;
		};
		5D62BE481BC43A68000E5B8D /* Resources */ = {
			isa = PBXResourcesBuildPhase;
			buildActionMask = 2147483647;
			files = (
			);
			runOnlyForDeploymentPostprocessing = 0;
		};
/* End PBXResourcesBuildPhase section */

/* Begin PBXSourcesBuildPhase section */
		5D62BE2D1BC43A68000E5B8D /* Sources */ = {
			isa = PBXSourcesBuildPhase;
			buildActionMask = 2147483647;
			files = (
				5D62BE5F1BC43A8B000E5B8D /* hand.m in Sources */,
				5D62BE3D1BC43A68000E5B8D /* ViewController.m in Sources */,
				5DF01E001C5AB38600C08D80 /* PotentialStraight.m in Sources */,
				5D62BE3A1BC43A68000E5B8D /* AppDelegate.m in Sources */,
				5D62BECE1BC47B57000E5B8D /* Game.m in Sources */,
				5DA4FF261BF2C64100F3B743 /* OddsTableViewController.m in Sources */,
				5D62BE371BC43A68000E5B8D /* main.m in Sources */,
				5DF01DFD1C5AB35B00C08D80 /* oddsFlopStraight.m in Sources */,
				5D62BE5E1BC43A8B000E5B8D /* Card.m in Sources */,
			);
			runOnlyForDeploymentPostprocessing = 0;
		};
		5D62BE461BC43A68000E5B8D /* Sources */ = {
			isa = PBXSourcesBuildPhase;
			buildActionMask = 2147483647;
			files = (
				5D62BE511BC43A68000E5B8D /* HoldemOrFoldemTests.m in Sources */,
			);
			runOnlyForDeploymentPostprocessing = 0;
		};
/* End PBXSourcesBuildPhase section */

/* Begin PBXTargetDependency section */
		5D62BE4C1BC43A68000E5B8D /* PBXTargetDependency */ = {
			isa = PBXTargetDependency;
			target = 5D62BE301BC43A68000E5B8D /* HoldemOrFoldem */;
			targetProxy = 5D62BE4B1BC43A68000E5B8D /* PBXContainerItemProxy */;
		};
/* End PBXTargetDependency section */

/* Begin PBXVariantGroup section */
		5D62BE3E1BC43A68000E5B8D /* Main.storyboard */ = {
			isa = PBXVariantGroup;
			children = (
				5D62BE3F1BC43A68000E5B8D /* Base */,
			);
			name = Main.storyboard;
			sourceTree = "<group>";
		};
		5D62BE431BC43A68000E5B8D /* LaunchScreen.xib */ = {
			isa = PBXVariantGroup;
			children = (
				5D62BE441BC43A68000E5B8D /* Base */,
			);
			name = LaunchScreen.xib;
			sourceTree = "<group>";
		};
/* End PBXVariantGroup section */

/* Begin XCBuildConfiguration section */
		5D62BE521BC43A68000E5B8D /* Debug */ = {
			isa = XCBuildConfiguration;
			buildSettings = {
				ALWAYS_SEARCH_USER_PATHS = NO;
				CLANG_CXX_LANGUAGE_STANDARD = "gnu++0x";
				CLANG_CXX_LIBRARY = "libc++";
				CLANG_ENABLE_MODULES = YES;
				CLANG_ENABLE_OBJC_ARC = YES;
				CLANG_WARN_BOOL_CONVERSION = YES;
				CLANG_WARN_CONSTANT_CONVERSION = YES;
				CLANG_WARN_DIRECT_OBJC_ISA_USAGE = YES_ERROR;
				CLANG_WARN_EMPTY_BODY = YES;
				CLANG_WARN_ENUM_CONVERSION = YES;
				CLANG_WARN_INT_CONVERSION = YES;
				CLANG_WARN_OBJC_ROOT_CLASS = YES_ERROR;
				CLANG_WARN_UNREACHABLE_CODE = YES;
				CLANG_WARN__DUPLICATE_METHOD_MATCH = YES;
				"CODE_SIGN_IDENTITY[sdk=iphoneos*]" = "iPhone Developer";
				COPY_PHASE_STRIP = NO;
				DEBUG_INFORMATION_FORMAT = "dwarf-with-dsym";
				ENABLE_STRICT_OBJC_MSGSEND = YES;
				GCC_C_LANGUAGE_STANDARD = gnu99;
				GCC_DYNAMIC_NO_PIC = NO;
				GCC_NO_COMMON_BLOCKS = YES;
				GCC_OPTIMIZATION_LEVEL = 0;
				GCC_PREPROCESSOR_DEFINITIONS = (
					"DEBUG=1",
					"$(inherited)",
				);
				GCC_SYMBOLS_PRIVATE_EXTERN = NO;
				GCC_WARN_64_TO_32_BIT_CONVERSION = YES;
				GCC_WARN_ABOUT_RETURN_TYPE = YES_ERROR;
				GCC_WARN_UNDECLARED_SELECTOR = YES;
				GCC_WARN_UNINITIALIZED_AUTOS = YES_AGGRESSIVE;
				GCC_WARN_UNUSED_FUNCTION = YES;
				GCC_WARN_UNUSED_VARIABLE = YES;
				IPHONEOS_DEPLOYMENT_TARGET = 8.4;
				MTL_ENABLE_DEBUG_INFO = YES;
				ONLY_ACTIVE_ARCH = YES;
				SDKROOT = iphoneos;
			};
			name = Debug;
		};
		5D62BE531BC43A68000E5B8D /* Release */ = {
			isa = XCBuildConfiguration;
			buildSettings = {
				ALWAYS_SEARCH_USER_PATHS = NO;
				CLANG_CXX_LANGUAGE_STANDARD = "gnu++0x";
				CLANG_CXX_LIBRARY = "libc++";
				CLANG_ENABLE_MODULES = YES;
				CLANG_ENABLE_OBJC_ARC = YES;
				CLANG_WARN_BOOL_CONVERSION = YES;
				CLANG_WARN_CONSTANT_CONVERSION = YES;
				CLANG_WARN_DIRECT_OBJC_ISA_USAGE = YES_ERROR;
				CLANG_WARN_EMPTY_BODY = YES;
				CLANG_WARN_ENUM_CONVERSION = YES;
				CLANG_WARN_INT_CONVERSION = YES;
				CLANG_WARN_OBJC_ROOT_CLASS = YES_ERROR;
				CLANG_WARN_UNREACHABLE_CODE = YES;
				CLANG_WARN__DUPLICATE_METHOD_MATCH = YES;
				"CODE_SIGN_IDENTITY[sdk=iphoneos*]" = "iPhone Developer";
				COPY_PHASE_STRIP = NO;
				DEBUG_INFORMATION_FORMAT = "dwarf-with-dsym";
				ENABLE_NS_ASSERTIONS = NO;
				ENABLE_STRICT_OBJC_MSGSEND = YES;
				GCC_C_LANGUAGE_STANDARD = gnu99;
				GCC_NO_COMMON_BLOCKS = YES;
				GCC_WARN_64_TO_32_BIT_CONVERSION = YES;
				GCC_WARN_ABOUT_RETURN_TYPE = YES_ERROR;
				GCC_WARN_UNDECLARED_SELECTOR = YES;
				GCC_WARN_UNINITIALIZED_AUTOS = YES_AGGRESSIVE;
				GCC_WARN_UNUSED_FUNCTION = YES;
				GCC_WARN_UNUSED_VARIABLE = YES;
				IPHONEOS_DEPLOYMENT_TARGET = 8.4;
				MTL_ENABLE_DEBUG_INFO = NO;
				SDKROOT = iphoneos;
				VALIDATE_PRODUCT = YES;
			};
			name = Release;
		};
		5D62BE551BC43A68000E5B8D /* Debug */ = {
			isa = XCBuildConfiguration;
			buildSettings = {
				ASSETCATALOG_COMPILER_APPICON_NAME = AppIcon;
				INFOPLIST_FILE = HoldemOrFoldem/Info.plist;
				LD_RUNPATH_SEARCH_PATHS = "$(inherited) @executable_path/Frameworks";
				PRODUCT_NAME = "$(TARGET_NAME)";
			};
			name = Debug;
		};
		5D62BE561BC43A68000E5B8D /* Release */ = {
			isa = XCBuildConfiguration;
			buildSettings = {
				ASSETCATALOG_COMPILER_APPICON_NAME = AppIcon;
				INFOPLIST_FILE = HoldemOrFoldem/Info.plist;
				LD_RUNPATH_SEARCH_PATHS = "$(inherited) @executable_path/Frameworks";
				PRODUCT_NAME = "$(TARGET_NAME)";
			};
			name = Release;
		};
		5D62BE581BC43A68000E5B8D /* Debug */ = {
			isa = XCBuildConfiguration;
			buildSettings = {
				BUNDLE_LOADER = "$(TEST_HOST)";
				FRAMEWORK_SEARCH_PATHS = (
					"$(SDKROOT)/Developer/Library/Frameworks",
					"$(inherited)",
				);
				GCC_PREPROCESSOR_DEFINITIONS = (
					"DEBUG=1",
					"$(inherited)",
				);
				INFOPLIST_FILE = HoldemOrFoldemTests/Info.plist;
				LD_RUNPATH_SEARCH_PATHS = "$(inherited) @executable_path/Frameworks @loader_path/Frameworks";
				PRODUCT_NAME = "$(TARGET_NAME)";
				TEST_HOST = "$(BUILT_PRODUCTS_DIR)/HoldemOrFoldem.app/HoldemOrFoldem";
			};
			name = Debug;
		};
		5D62BE591BC43A68000E5B8D /* Release */ = {
			isa = XCBuildConfiguration;
			buildSettings = {
				BUNDLE_LOADER = "$(TEST_HOST)";
				FRAMEWORK_SEARCH_PATHS = (
					"$(SDKROOT)/Developer/Library/Frameworks",
					"$(inherited)",
				);
				INFOPLIST_FILE = HoldemOrFoldemTests/Info.plist;
				LD_RUNPATH_SEARCH_PATHS = "$(inherited) @executable_path/Frameworks @loader_path/Frameworks";
				PRODUCT_NAME = "$(TARGET_NAME)";
				TEST_HOST = "$(BUILT_PRODUCTS_DIR)/HoldemOrFoldem.app/HoldemOrFoldem";
			};
			name = Release;
		};
/* End XCBuildConfiguration section */

/* Begin XCConfigurationList section */
		5D62BE2C1BC43A68000E5B8D /* Build configuration list for PBXProject "HoldemOrFoldem" */ = {
			isa = XCConfigurationList;
			buildConfigurations = (
				5D62BE521BC43A68000E5B8D /* Debug */,
				5D62BE531BC43A68000E5B8D /* Release */,
			);
			defaultConfigurationIsVisible = 0;
			defaultConfigurationName = Release;
		};
		5D62BE541BC43A68000E5B8D /* Build configuration list for PBXNativeTarget "HoldemOrFoldem" */ = {
			isa = XCConfigurationList;
			buildConfigurations = (
				5D62BE551BC43A68000E5B8D /* Debug */,
				5D62BE561BC43A68000E5B8D /* Release */,
			);
			defaultConfigurationIsVisible = 0;
			defaultConfigurationName = Release;
		};
		5D62BE571BC43A68000E5B8D /* Build configuration list for PBXNativeTarget "HoldemOrFoldemTests" */ = {
			isa = XCConfigurationList;
			buildConfigurations = (
				5D62BE581BC43A68000E5B8D /* Debug */,
				5D62BE591BC43A68000E5B8D /* Release */,
			);
			defaultConfigurationIsVisible = 0;
			defaultConfigurationName = Release;
		};
/* End XCConfigurationList section */
	};
	rootObject = 5D62BE291BC43A68000E5B8D /* Project object */;
}
